{
  "version": 4,
  "terraform_version": "0.12.29",
  "serial": 3,
  "lineage": "abf93af3-19ec-fcaa-8782-0ce2d15427eb",
  "outputs": {},
  "resources": [
    {
      "mode": "managed",
      "type": "google_compute_address",
      "name": "static",
      "provider": "provider.google",
      "instances": [
        {
          "schema_version": 0,
          "attributes": {
            "address": "35.199.151.178",
            "address_type": "EXTERNAL",
            "creation_timestamp": "2020-08-01T20:16:48.764-07:00",
            "description": "",
            "id": "projects/mixfreely/regions/us-west1/addresses/golang-server-addresss",
            "name": "golang-server-addresss",
            "network_tier": "PREMIUM",
            "project": "mixfreely",
            "purpose": "",
            "region": "us-west1",
            "self_link": "https://www.googleapis.com/compute/v1/projects/mixfreely/regions/us-west1/addresses/golang-server-addresss",
            "subnetwork": "",
            "timeouts": null,
            "users": []
          },
          "private": "eyJlMmJmYjczMC1lY2FhLTExZTYtOGY4OC0zNDM2M2JjN2M0YzAiOnsiY3JlYXRlIjoyNDAwMDAwMDAwMDAsImRlbGV0ZSI6MjQwMDAwMDAwMDAwfX0="
        }
      ]
    }
  ]
}
